// !$*UTF8*$!
{
	archiveVersion = 1;
	classes = {
	};
	objectVersion = 48;
	objects = {

/* Begin PBXBuildFile section */
		DEEA64051F8B19900082FEC0 /* AppDelegate.swift in Sources */ = {isa = PBXBuildFile; fileRef = DEEA64041F8B19900082FEC0 /* AppDelegate.swift */; };
		DEEA64071F8B19900082FEC0 /* ViewController.swift in Sources */ = {isa = PBXBuildFile; fileRef = DEEA64061F8B19900082FEC0 /* ViewController.swift */; };
		DEEA640A1F8B19900082FEC0 /* Main.storyboard in Resources */ = {isa = PBXBuildFile; fileRef = DEEA64081F8B19900082FEC0 /* Main.storyboard */; };
		DEEA640C1F8B19900082FEC0 /* Assets.xcassets in Resources */ = {isa = PBXBuildFile; fileRef = DEEA640B1F8B19900082FEC0 /* Assets.xcassets */; };
		DEEA640F1F8B19900082FEC0 /* LaunchScreen.storyboard in Resources */ = {isa = PBXBuildFile; fileRef = DEEA640D1F8B19900082FEC0 /* LaunchScreen.storyboard */; };
		DEEA64181F8B243D0082FEC0 /* LoginController.swift in Sources */ = {isa = PBXBuildFile; fileRef = DEEA64171F8B243D0082FEC0 /* LoginController.swift */; };
/* End PBXBuildFile section */

/* Begin PBXFileReference section */
		DEEA64011F8B19900082FEC0 /* firebase_chat.app */ = {isa = PBXFileReference; explicitFileType = wrapper.application; includeInIndex = 0; path = firebase_chat.app; sourceTree = BUILT_PRODUCTS_DIR; };
		DEEA64041F8B19900082FEC0 /* AppDelegate.swift */ = {isa = PBXFileReference; lastKnownFileType = sourcecode.swift; path = AppDelegate.swift; sourceTree = "<group>"; };
		DEEA64061F8B19900082FEC0 /* ViewController.swift */ = {isa = PBXFileReference; lastKnownFileType = sourcecode.swift; path = ViewController.swift; sourceTree = "<group>"; };
		DEEA64091F8B19900082FEC0 /* Base */ = {isa = PBXFileReference; lastKnownFileType = file.storyboard; name = Base; path = Base.lproj/Main.storyboard; sourceTree = "<group>"; };
		DEEA640B1F8B19900082FEC0 /* Assets.xcassets */ = {isa = PBXFileReference; lastKnownFileType = folder.assetcatalog; path = Assets.xcassets; sourceTree = "<group>"; };
		DEEA640E1F8B19900082FEC0 /* Base */ = {isa = PBXFileReference; lastKnownFileType = file.storyboard; name = Base; path = Base.lproj/LaunchScreen.storyboard; sourceTree = "<group>"; };
		DEEA64101F8B19900082FEC0 /* Info.plist */ = {isa = PBXFileReference; lastKnownFileType = text.plist.xml; path = Info.plist; sourceTree = "<group>"; };
		DEEA64171F8B243D0082FEC0 /* LoginController.swift */ = {isa = PBXFileReference; lastKnownFileType = sourcecode.swift; path = LoginController.swift; sourceTree = "<group>"; };
/* End PBXFileReference section */

/* Begin PBXFrameworksBuildPhase section */
		DEEA63FE1F8B19900082FEC0 /* Frameworks */ = {
			isa = PBXFrameworksBuildPhase;
			buildActionMask = 2147483647;
			files = (
			);
			runOnlyForDeploymentPostprocessing = 0;
		};
/* End PBXFrameworksBuildPhase section */

/* Begin PBXGroup section */
		DEEA63F81F8B19900082FEC0 = {
			isa = PBXGroup;
			children = (
				DEEA64031F8B19900082FEC0 /* firebase_chat */,
				DEEA64021F8B19900082FEC0 /* Products */,
			);
			sourceTree = "<group>";
		};
		DEEA64021F8B19900082FEC0 /* Products */ = {
			isa = PBXGroup;
			children = (
				DEEA64011F8B19900082FEC0 /* firebase_chat.app */,
			);
			name = Products;
			sourceTree = "<group>";
		};
		DEEA64031F8B19900082FEC0 /* firebase_chat */ = {
			isa = PBXGroup;
			children = (
				DEEA64161F8B24050082FEC0 /* Controller */,
				DEEA64041F8B19900082FEC0 /* AppDelegate.swift */,
				DEEA64081F8B19900082FEC0 /* Main.storyboard */,
				DEEA640B1F8B19900082FEC0 /* Assets.xcassets */,
				DEEA640D1F8B19900082FEC0 /* LaunchScreen.storyboard */,
				DEEA64101F8B19900082FEC0 /* Info.plist */,
			);
			path = firebase_chat;
			sourceTree = "<group>";
		};
		DEEA64161F8B24050082FEC0 /* Controller */ = {
			isa = PBXGroup;
			children = (
				DEEA64061F8B19900082FEC0 /* ViewController.swift */,
				DEEA64171F8B243D0082FEC0 /* LoginController.swift */,
			);
			path = Controller;
			sourceTree = "<group>";
		};
/* End PBXGroup section */

/* Begin PBXNativeTarget section */
		DEEA64001F8B19900082FEC0 /* firebase_chat */ = {
			isa = PBXNativeTarget;
			buildConfigurationList = DEEA64131F8B19900082FEC0 /* Build configuration list for PBXNativeTarget "firebase_chat" */;
			buildPhases = (
				DEEA63FD1F8B19900082FEC0 /* Sources */,
				DEEA63FE1F8B19900082FEC0 /* Frameworks */,
				DEEA63FF1F8B19900082FEC0 /* Resources */,
			);
			buildRules = (
			);
			dependencies = (
			);
			name = firebase_chat;
			productName = firebase_chat;
			productReference = DEEA64011F8B19900082FEC0 /* firebase_chat.app */;
			productType = "com.apple.product-type.application";
		};
/* End PBXNativeTarget section */

/* Begin PBXProject section */
		DEEA63F91F8B19900082FEC0 /* Project object */ = {
			isa = PBXProject;
			attributes = {
				LastSwiftUpdateCheck = 0900;
				LastUpgradeCheck = 0900;
				ORGANIZATIONNAME = DevF;
				TargetAttributes = {
					DEEA64001F8B19900082FEC0 = {
						CreatedOnToolsVersion = 9.0;
						ProvisioningStyle = Automatic;
					};
				};
			};
			buildConfigurationList = DEEA63FC1F8B19900082FEC0 /* Build configuration list for PBXProject "firebase_chat" */;
			compatibilityVersion = "Xcode 8.0";
			developmentRegion = en;
			hasScannedForEncodings = 0;
			knownRegions = (
				en,
				Base,
			);
			mainGroup = DEEA63F81F8B19900082FEC0;
			productRefGroup = DEEA64021F8B19900082FEC0 /* Products */;
			projectDirPath = "";
			projectRoot = "";
			targets = (
				DEEA64001F8B19900082FEC0 /* firebase_chat */,
			);
		};
/* End PBXProject section */

/* Begin PBXResourcesBuildPhase section */
		DEEA63FF1F8B19900082FEC0 /* Resources */ = {
			isa = PBXResourcesBuildPhase;
			buildActionMask = 2147483647;
			files = (
				DEEA640F1F8B19900082FEC0 /* LaunchScreen.storyboard in Resources */,
				DEEA640C1F8B19900082FEC0 /* Assets.xcassets in Resources */,
				DEEA640A1F8B19900082FEC0 /* Main.storyboard in Resources */,
			);
			runOnlyForDeploymentPostprocessing = 0;
		};
/* End PBXResourcesBuildPhase section */

/* Begin PBXSourcesBuildPhase section */
		DEEA63FD1F8B19900082FEC0 /* Sources */ = {
			isa = PBXSourcesBuildPhase;
			buildActionMask = 2147483647;
			files = (
				DEEA64071F8B19900082FEC0 /* ViewController.swift in Sources */,
				DEEA64181F8B243D0082FEC0 /* LoginController.swift in Sources */,
				DEEA64051F8B19900082FEC0 /* AppDelegate.swift in Sources */,
			);
			runOnlyForDeploymentPostprocessing = 0;
		};
/* End PBXSourcesBuildPhase section */

/* Begin PBXVariantGroup section */
		DEEA64081F8B19900082FEC0 /* Main.storyboard */ = {
			isa = PBXVariantGroup;
			children = (
				DEEA64091F8B19900082FEC0 /* Base */,
			);
			name = Main.storyboard;
			sourceTree = "<group>";
		};
		DEEA640D1F8B19900082FEC0 /* LaunchScreen.storyboard */ = {
			isa = PBXVariantGroup;
			children = (
				DEEA640E1F8B19900082FEC0 /* Base */,
			);
			name = LaunchScreen.storyboard;
			sourceTree = "<group>";
		};
/* End PBXVariantGroup section */

/* Begin XCBuildConfiguration section */
		DEEA64111F8B19900082FEC0 /* Debug */ = {
			isa = XCBuildConfiguration;
			buildSettings = {
				ALWAYS_SEARCH_USER_PATHS = NO;
				CLANG_ANALYZER_NONNULL = YES;
				CLANG_ANALYZER_NUMBER_OBJECT_CONVERSION = YES_AGGRESSIVE;
				CLANG_CXX_LANGUAGE_STANDARD = "gnu++14";
				CLANG_CXX_LIBRARY = "libc++";
				CLANG_ENABLE_MODULES = YES;
				CLANG_ENABLE_OBJC_ARC = YES;
				CLANG_WARN_BLOCK_CAPTURE_AUTORELEASING = YES;
				CLANG_WARN_BOOL_CONVERSION = YES;
				CLANG_WARN_COMMA = YES;
				CLANG_WARN_CONSTANT_CONVERSION = YES;
				CLANG_WARN_DIRECT_OBJC_ISA_USAGE = YES_ERROR;
				CLANG_WARN_DOCUMENTATION_COMMENTS = YES;
				CLANG_WARN_EMPTY_BODY = YES;
				CLANG_WARN_ENUM_CONVERSION = YES;
				CLANG_WARN_INFINITE_RECURSION = YES;
				CLANG_WARN_INT_CONVERSION = YES;
				CLANG_WARN_NON_LITERAL_NULL_CONVERSION = YES;
				CLANG_WARN_OBJC_LITERAL_CONVERSION = YES;
				CLANG_WARN_OBJC_ROOT_CLASS = YES_ERROR;
				CLANG_WARN_RANGE_LOOP_ANALYSIS = YES;
				CLANG_WARN_STRICT_PROTOTYPES = YES;
				CLANG_WARN_SUSPICIOUS_MOVE = YES;
				CLANG_WARN_UNGUARDED_AVAILABILITY = YES_AGGRESSIVE;
				CLANG_WARN_UNREACHABLE_CODE = YES;
				CLANG_WARN__DUPLICATE_METHOD_MATCH = YES;
				CODE_SIGN_IDENTITY = "iPhone Developer";
				COPY_PHASE_STRIP = NO;
				DEBUG_INFORMATION_FORMAT = dwarf;
				ENABLE_STRICT_OBJC_MSGSEND = YES;
				ENABLE_TESTABILITY = YES;
				GCC_C_LANGUAGE_STANDARD = gnu11;
				GCC_DYNAMIC_NO_PIC = NO;
				GCC_NO_COMMON_BLOCKS = YES;
				GCC_OPTIMIZATION_LEVEL = 0;
				GCC_PREPROCESSOR_DEFINITIONS = (
					"DEBUG=1",
					"$(inherited)",
				);
				GCC_WARN_64_TO_32_BIT_CONVERSION = YES;
				GCC_WARN_ABOUT_RETURN_TYPE = YES_ERROR;
				GCC_WARN_UNDECLARED_SELECTOR = YES;
				GCC_WARN_UNINITIALIZED_AUTOS = YES_AGGRESSIVE;
				GCC_WARN_UNUSED_FUNCTION = YES;
				GCC_WARN_UNUSED_VARIABLE = YES;
				IPHONEOS_DEPLOYMENT_TARGET = 11.0;
				MTL_ENABLE_DEBUG_INFO = YES;
				ONLY_ACTIVE_ARCH = YES;
				SDKROOT = iphoneos;
				SWIFT_ACTIVE_COMPILATION_CONDITIONS = DEBUG;
				SWIFT_OPTIMIZATION_LEVEL = "-Onone";
			};
			name = Debug;
		};
		DEEA64121F8B19900082FEC0 /* Release */ = {
			isa = XCBuildConfiguration;
			buildSettings = {
				ALWAYS_SEARCH_USER_PATHS = NO;
				CLANG_ANALYZER_NONNULL = YES;
				CLANG_ANALYZER_NUMBER_OBJECT_CONVERSION = YES_AGGRESSIVE;
				CLANG_CXX_LANGUAGE_STANDARD = "gnu++14";
				CLANG_CXX_LIBRARY = "libc++";
				CLANG_ENABLE_MODULES = YES;
				CLANG_ENABLE_OBJC_ARC = YES;
				CLANG_WARN_BLOCK_CAPTURE_AUTORELEASING = YES;
				CLANG_WARN_BOOL_CONVERSION = YES;
				CLANG_WARN_COMMA = YES;
				CLANG_WARN_CONSTANT_CONVERSION = YES;
				CLANG_WARN_DIRECT_OBJC_ISA_USAGE = YES_ERROR;
				CLANG_WARN_DOCUMENTATION_COMMENTS = YES;
				CLANG_WARN_EMPTY_BODY = YES;
				CLANG_WARN_ENUM_CONVERSION = YES;
				CLANG_WARN_INFINITE_RECURSION = YES;
				CLANG_WARN_INT_CONVERSION = YES;
				CLANG_WARN_NON_LITERAL_NULL_CONVERSION = YES;
				CLANG_WARN_OBJC_LITERAL_CONVERSION = YES;
				CLANG_WARN_OBJC_ROOT_CLASS = YES_ERROR;
				CLANG_WARN_RANGE_LOOP_ANALYSIS = YES;
				CLANG_WARN_STRICT_PROTOTYPES = YES;
				CLANG_WARN_SUSPICIOUS_MOVE = YES;
				CLANG_WARN_UNGUARDED_AVAILABILITY = YES_AGGRESSIVE;
				CLANG_WARN_UNREACHABLE_CODE = YES;
				CLANG_WARN__DUPLICATE_METHOD_MATCH = YES;
				CODE_SIGN_IDENTITY = "iPhone Developer";
				COPY_PHASE_STRIP = NO;
				DEBUG_INFORMATION_FORMAT = "dwarf-with-dsym";
				ENABLE_NS_ASSERTIONS = NO;
				ENABLE_STRICT_OBJC_MSGSEND = YES;
				GCC_C_LANGUAGE_STANDARD = gnu11;
				GCC_NO_COMMON_BLOCKS = YES;
				GCC_WARN_64_TO_32_BIT_CONVERSION = YES;
				GCC_WARN_ABOUT_RETURN_TYPE = YES_ERROR;
				GCC_WARN_UNDECLARED_SELECTOR = YES;
				GCC_WARN_UNINITIALIZED_AUTOS = YES_AGGRESSIVE;
				GCC_WARN_UNUSED_FUNCTION = YES;
				GCC_WARN_UNUSED_VARIABLE = YES;
				IPHONEOS_DEPLOYMENT_TARGET = 11.0;
				MTL_ENABLE_DEBUG_INFO = NO;
				SDKROOT = iphoneos;
				SWIFT_OPTIMIZATION_LEVEL = "-Owholemodule";
				VALIDATE_PRODUCT = YES;
			};
			name = Release;
		};
		DEEA64141F8B19900082FEC0 /* Debug */ = {
			isa = XCBuildConfiguration;
			buildSettings = {
				ASSETCATALOG_COMPILER_APPICON_NAME = AppIcon;
				"CODE_SIGN_IDENTITY[sdk=iphoneos*]" = "iPhone Developer";
				CODE_SIGN_STYLE = Automatic;
				DEVELOPMENT_TEAM = 75G2GVK36D;
				INFOPLIST_FILE = firebase_chat/Info.plist;
				LD_RUNPATH_SEARCH_PATHS = "$(inherited) @executable_path/Frameworks";
				PRODUCT_BUNDLE_IDENTIFIER = "devf.firebase-chat";
				PRODUCT_NAME = "$(TARGET_NAME)";
				PROVISIONING_PROFILE_SPECIFIER = "";
				SWIFT_VERSION = 4.0;
				TARGETED_DEVICE_FAMILY = "1,2";
			};
			name = Debug;
		};
		DEEA64151F8B19900082FEC0 /* Release */ = {
			isa = XCBuildConfiguration;
			buildSettings = {
				ASSETCATALOG_COMPILER_APPICON_NAME = AppIcon;
				"CODE_SIGN_IDENTITY[sdk=iphoneos*]" = "iPhone Developer";
				CODE_SIGN_STYLE = Automatic;
				DEVELOPMENT_TEAM = 75G2GVK36D;
				INFOPLIST_FILE = firebase_chat/Info.plist;
				LD_RUNPATH_SEARCH_PATHS = "$(inherited) @executable_path/Frameworks";
				PRODUCT_BUNDLE_IDENTIFIER = "devf.firebase-chat";
				PRODUCT_NAME = "$(TARGET_NAME)";
				PROVISIONING_PROFILE_SPECIFIER = "";
				SWIFT_VERSION = 4.0;
				TARGETED_DEVICE_FAMILY = "1,2";
			};
			name = Release;
		};
/* End XCBuildConfiguration section */

/* Begin XCConfigurationList section */
		DEEA63FC1F8B19900082FEC0 /* Build configuration list for PBXProject "firebase_chat" */ = {
			isa = XCConfigurationList;
			buildConfigurations = (
				DEEA64111F8B19900082FEC0 /* Debug */,
				DEEA64121F8B19900082FEC0 /* Release */,
			);
			defaultConfigurationIsVisible = 0;
			defaultConfigurationName = Release;
		};
		DEEA64131F8B19900082FEC0 /* Build configuration list for PBXNativeTarget "firebase_chat" */ = {
			isa = XCConfigurationList;
			buildConfigurations = (
				DEEA64141F8B19900082FEC0 /* Debug */,
				DEEA64151F8B19900082FEC0 /* Release */,
			);
			defaultConfigurationIsVisible = 0;
			defaultConfigurationName = Release;
		};
/* End XCConfigurationList section */
	};
	rootObject = DEEA63F91F8B19900082FEC0 /* Project object */;
}
