// !$*UTF8*$!
{
	archiveVersion = 1;
	classes = {
	};
	objectVersion = 48;
	objects = {

/* Begin PBXBuildFile section */
		DE46296F1F8C511A00EE8A35 /* AppDelegate.m in Sources */ = {isa = PBXBuildFile; fileRef = DE46296E1F8C511A00EE8A35 /* AppDelegate.m */; };
		DE4629721F8C511A00EE8A35 /* ViewController.m in Sources */ = {isa = PBXBuildFile; fileRef = DE4629711F8C511A00EE8A35 /* ViewController.m */; };
		DE4629751F8C511A00EE8A35 /* Main.storyboard in Resources */ = {isa = PBXBuildFile; fileRef = DE4629731F8C511A00EE8A35 /* Main.storyboard */; settings = {ASSET_TAGS = (NewViewController, ); }; };
		DE4629771F8C511A00EE8A35 /* Assets.xcassets in Resources */ = {isa = PBXBuildFile; fileRef = DE4629761F8C511A00EE8A35 /* Assets.xcassets */; };
		DE46297A1F8C511A00EE8A35 /* LaunchScreen.storyboard in Resources */ = {isa = PBXBuildFile; fileRef = DE4629781F8C511A00EE8A35 /* LaunchScreen.storyboard */; };
		DE46297D1F8C511A00EE8A35 /* main.m in Sources */ = {isa = PBXBuildFile; fileRef = DE46297C1F8C511A00EE8A35 /* main.m */; };
		DE4629851F8C60D600EE8A35 /* PlayersViewController.m in Sources */ = {isa = PBXBuildFile; fileRef = DE4629841F8C60D600EE8A35 /* PlayersViewController.m */; };
		DE46298B1F8C6AEF00EE8A35 /* Player.m in Sources */ = {isa = PBXBuildFile; fileRef = DE46298A1F8C6AEF00EE8A35 /* Player.m */; };
		DEA0C0BF1F8EF15700CAFBEF /* PlayeTableViewCell.m in Sources */ = {isa = PBXBuildFile; fileRef = DEA0C0BE1F8EF15700CAFBEF /* PlayeTableViewCell.m */; };
		DEA0C0C21F8F005200CAFBEF /* PlayerDetailsViewController.m in Sources */ = {isa = PBXBuildFile; fileRef = DEA0C0C11F8F005200CAFBEF /* PlayerDetailsViewController.m */; };
		DEFD7D261F943EE1001E5688 /* GamePickerViewController.m in Sources */ = {isa = PBXBuildFile; fileRef = DEFD7D251F943EE1001E5688 /* GamePickerViewController.m */; };
/* End PBXBuildFile section */

/* Begin PBXFileReference section */
		DE46296A1F8C511A00EE8A35 /* Ratings.app */ = {isa = PBXFileReference; explicitFileType = wrapper.application; includeInIndex = 0; path = Ratings.app; sourceTree = BUILT_PRODUCTS_DIR; };
		DE46296D1F8C511A00EE8A35 /* AppDelegate.h */ = {isa = PBXFileReference; lastKnownFileType = sourcecode.c.h; path = AppDelegate.h; sourceTree = "<group>"; };
		DE46296E1F8C511A00EE8A35 /* AppDelegate.m */ = {isa = PBXFileReference; lastKnownFileType = sourcecode.c.objc; path = AppDelegate.m; sourceTree = "<group>"; };
		DE4629701F8C511A00EE8A35 /* ViewController.h */ = {isa = PBXFileReference; lastKnownFileType = sourcecode.c.h; path = ViewController.h; sourceTree = "<group>"; };
		DE4629711F8C511A00EE8A35 /* ViewController.m */ = {isa = PBXFileReference; lastKnownFileType = sourcecode.c.objc; path = ViewController.m; sourceTree = "<group>"; };
		DE4629741F8C511A00EE8A35 /* Base */ = {isa = PBXFileReference; lastKnownFileType = file.storyboard; name = Base; path = Base.lproj/Main.storyboard; sourceTree = "<group>"; };
		DE4629761F8C511A00EE8A35 /* Assets.xcassets */ = {isa = PBXFileReference; lastKnownFileType = folder.assetcatalog; path = Assets.xcassets; sourceTree = "<group>"; };
		DE4629791F8C511A00EE8A35 /* Base */ = {isa = PBXFileReference; lastKnownFileType = file.storyboard; name = Base; path = Base.lproj/LaunchScreen.storyboard; sourceTree = "<group>"; };
		DE46297B1F8C511A00EE8A35 /* Info.plist */ = {isa = PBXFileReference; lastKnownFileType = text.plist.xml; path = Info.plist; sourceTree = "<group>"; };
		DE46297C1F8C511A00EE8A35 /* main.m */ = {isa = PBXFileReference; lastKnownFileType = sourcecode.c.objc; path = main.m; sourceTree = "<group>"; };
		DE4629831F8C60D600EE8A35 /* PlayersViewController.h */ = {isa = PBXFileReference; lastKnownFileType = sourcecode.c.h; path = PlayersViewController.h; sourceTree = "<group>"; };
		DE4629841F8C60D600EE8A35 /* PlayersViewController.m */ = {isa = PBXFileReference; lastKnownFileType = sourcecode.c.objc; path = PlayersViewController.m; sourceTree = "<group>"; };
		DE4629891F8C6AEF00EE8A35 /* Player.h */ = {isa = PBXFileReference; lastKnownFileType = sourcecode.c.h; path = Player.h; sourceTree = "<group>"; };
		DE46298A1F8C6AEF00EE8A35 /* Player.m */ = {isa = PBXFileReference; lastKnownFileType = sourcecode.c.objc; path = Player.m; sourceTree = "<group>"; };
		DEA0C0911F8DA5D000CAFBEF /* 4StarsSmall.png */ = {isa = PBXFileReference; lastKnownFileType = image.png; path = 4StarsSmall.png; sourceTree = "<group>"; };
		DEA0C0921F8DA5D000CAFBEF /* 4Stars@2x.png */ = {isa = PBXFileReference; lastKnownFileType = image.png; path = "4Stars@2x.png"; sourceTree = "<group>"; };
		DEA0C0931F8DA5D000CAFBEF /* 3StarsSmall@2x.png */ = {isa = PBXFileReference; lastKnownFileType = image.png; path = "3StarsSmall@2x.png"; sourceTree = "<group>"; };
		DEA0C0941F8DA5D000CAFBEF /* 1StarSmall.png */ = {isa = PBXFileReference; lastKnownFileType = image.png; path = 1StarSmall.png; sourceTree = "<group>"; };
		DEA0C0951F8DA5D000CAFBEF /* 3StarsSmall.png */ = {isa = PBXFileReference; lastKnownFileType = image.png; path = 3StarsSmall.png; sourceTree = "<group>"; };
		DEA0C0961F8DA5D000CAFBEF /* 1Star.png */ = {isa = PBXFileReference; lastKnownFileType = image.png; path = 1Star.png; sourceTree = "<group>"; };
		DEA0C0971F8DA5D000CAFBEF /* 2Stars.png */ = {isa = PBXFileReference; lastKnownFileType = image.png; path = 2Stars.png; sourceTree = "<group>"; };
		DEA0C0981F8DA5D000CAFBEF /* 3Stars.png */ = {isa = PBXFileReference; lastKnownFileType = image.png; path = 3Stars.png; sourceTree = "<group>"; };
		DEA0C0991F8DA5D000CAFBEF /* Players@2x.png */ = {isa = PBXFileReference; lastKnownFileType = image.png; path = "Players@2x.png"; sourceTree = "<group>"; };
		DEA0C09A1F8DA5D000CAFBEF /* Players.png */ = {isa = PBXFileReference; lastKnownFileType = image.png; path = Players.png; sourceTree = "<group>"; };
		DEA0C09B1F8DA5D000CAFBEF /* 5Stars.png */ = {isa = PBXFileReference; lastKnownFileType = image.png; path = 5Stars.png; sourceTree = "<group>"; };
		DEA0C09C1F8DA5D000CAFBEF /* 4Stars.png */ = {isa = PBXFileReference; lastKnownFileType = image.png; path = 4Stars.png; sourceTree = "<group>"; };
		DEA0C09D1F8DA5D000CAFBEF /* 2Stars@2x.png */ = {isa = PBXFileReference; lastKnownFileType = image.png; path = "2Stars@2x.png"; sourceTree = "<group>"; };
		DEA0C09E1F8DA5D000CAFBEF /* 2StarsSmall@2x.png */ = {isa = PBXFileReference; lastKnownFileType = image.png; path = "2StarsSmall@2x.png"; sourceTree = "<group>"; };
		DEA0C09F1F8DA5D000CAFBEF /* Gestures@2x.png */ = {isa = PBXFileReference; lastKnownFileType = image.png; path = "Gestures@2x.png"; sourceTree = "<group>"; };
		DEA0C0A01F8DA5D000CAFBEF /* 5StarsSmall@2x.png */ = {isa = PBXFileReference; lastKnownFileType = image.png; path = "5StarsSmall@2x.png"; sourceTree = "<group>"; };
		DEA0C0A11F8DA5D000CAFBEF /* 5Stars@2x.png */ = {isa = PBXFileReference; lastKnownFileType = image.png; path = "5Stars@2x.png"; sourceTree = "<group>"; };
		DEA0C0A21F8DA5D000CAFBEF /* 1StarSmall@2x.png */ = {isa = PBXFileReference; lastKnownFileType = image.png; path = "1StarSmall@2x.png"; sourceTree = "<group>"; };
		DEA0C0A31F8DA5D000CAFBEF /* 4StarsSmall@2x.png */ = {isa = PBXFileReference; lastKnownFileType = image.png; path = "4StarsSmall@2x.png"; sourceTree = "<group>"; };
		DEA0C0A41F8DA5D000CAFBEF /* 2StarsSmall.png */ = {isa = PBXFileReference; lastKnownFileType = image.png; path = 2StarsSmall.png; sourceTree = "<group>"; };
		DEA0C0A51F8DA5D000CAFBEF /* 5StarsSmall.png */ = {isa = PBXFileReference; lastKnownFileType = image.png; path = 5StarsSmall.png; sourceTree = "<group>"; };
		DEA0C0A61F8DA5D000CAFBEF /* 3Stars@2x.png */ = {isa = PBXFileReference; lastKnownFileType = image.png; path = "3Stars@2x.png"; sourceTree = "<group>"; };
		DEA0C0A71F8DA5D000CAFBEF /* 1Star@2x.png */ = {isa = PBXFileReference; lastKnownFileType = image.png; path = "1Star@2x.png"; sourceTree = "<group>"; };
		DEA0C0A81F8DA5D000CAFBEF /* Gestures.png */ = {isa = PBXFileReference; lastKnownFileType = image.png; path = Gestures.png; sourceTree = "<group>"; };
		DEA0C0BD1F8EF15700CAFBEF /* PlayeTableViewCell.h */ = {isa = PBXFileReference; lastKnownFileType = sourcecode.c.h; path = PlayeTableViewCell.h; sourceTree = "<group>"; };
		DEA0C0BE1F8EF15700CAFBEF /* PlayeTableViewCell.m */ = {isa = PBXFileReference; lastKnownFileType = sourcecode.c.objc; path = PlayeTableViewCell.m; sourceTree = "<group>"; };
		DEA0C0C01F8F005200CAFBEF /* PlayerDetailsViewController.h */ = {isa = PBXFileReference; lastKnownFileType = sourcecode.c.h; path = PlayerDetailsViewController.h; sourceTree = "<group>"; };
		DEA0C0C11F8F005200CAFBEF /* PlayerDetailsViewController.m */ = {isa = PBXFileReference; lastKnownFileType = sourcecode.c.objc; path = PlayerDetailsViewController.m; sourceTree = "<group>"; };
		DEFD7D241F943EE1001E5688 /* GamePickerViewController.h */ = {isa = PBXFileReference; lastKnownFileType = sourcecode.c.h; path = GamePickerViewController.h; sourceTree = "<group>"; };
		DEFD7D251F943EE1001E5688 /* GamePickerViewController.m */ = {isa = PBXFileReference; lastKnownFileType = sourcecode.c.objc; path = GamePickerViewController.m; sourceTree = "<group>"; };
/* End PBXFileReference section */

/* Begin PBXFrameworksBuildPhase section */
		DE4629671F8C511A00EE8A35 /* Frameworks */ = {
			isa = PBXFrameworksBuildPhase;
			buildActionMask = 2147483647;
			files = (
			);
			runOnlyForDeploymentPostprocessing = 0;
		};
/* End PBXFrameworksBuildPhase section */

/* Begin PBXGroup section */
		DE4629611F8C511A00EE8A35 = {
			isa = PBXGroup;
			children = (
				DEA0C0901F8DA5D000CAFBEF /* Images */,
				DE46296C1F8C511A00EE8A35 /* Ratings */,
				DE46296B1F8C511A00EE8A35 /* Products */,
			);
			sourceTree = "<group>";
		};
		DE46296B1F8C511A00EE8A35 /* Products */ = {
			isa = PBXGroup;
			children = (
				DE46296A1F8C511A00EE8A35 /* Ratings.app */,
			);
			name = Products;
			sourceTree = "<group>";
		};
		DE46296C1F8C511A00EE8A35 /* Ratings */ = {
			isa = PBXGroup;
			children = (
				DEA0C0BC1F8EF12B00CAFBEF /* Cells */,
				DE4629871F8C63E100EE8A35 /* Models */,
				DE4629861F8C615400EE8A35 /* ViewControllers */,
				DE46296D1F8C511A00EE8A35 /* AppDelegate.h */,
				DE46296E1F8C511A00EE8A35 /* AppDelegate.m */,
				DE4629701F8C511A00EE8A35 /* ViewController.h */,
				DE4629711F8C511A00EE8A35 /* ViewController.m */,
				DE4629731F8C511A00EE8A35 /* Main.storyboard */,
				DE4629761F8C511A00EE8A35 /* Assets.xcassets */,
				DE4629781F8C511A00EE8A35 /* LaunchScreen.storyboard */,
				DE46297B1F8C511A00EE8A35 /* Info.plist */,
				DE46297C1F8C511A00EE8A35 /* main.m */,
			);
			path = Ratings;
			sourceTree = "<group>";
		};
		DE4629861F8C615400EE8A35 /* ViewControllers */ = {
			isa = PBXGroup;
			children = (
				DE4629831F8C60D600EE8A35 /* PlayersViewController.h */,
				DE4629841F8C60D600EE8A35 /* PlayersViewController.m */,
				DEA0C0C01F8F005200CAFBEF /* PlayerDetailsViewController.h */,
				DEA0C0C11F8F005200CAFBEF /* PlayerDetailsViewController.m */,
				DEFD7D241F943EE1001E5688 /* GamePickerViewController.h */,
				DEFD7D251F943EE1001E5688 /* GamePickerViewController.m */,
			);
			path = ViewControllers;
			sourceTree = "<group>";
		};
		DE4629871F8C63E100EE8A35 /* Models */ = {
			isa = PBXGroup;
			children = (
				DE4629891F8C6AEF00EE8A35 /* Player.h */,
				DE46298A1F8C6AEF00EE8A35 /* Player.m */,
			);
			path = Models;
			sourceTree = "<group>";
		};
		DEA0C0901F8DA5D000CAFBEF /* Images */ = {
			isa = PBXGroup;
			children = (
				DEA0C0911F8DA5D000CAFBEF /* 4StarsSmall.png */,
				DEA0C0921F8DA5D000CAFBEF /* 4Stars@2x.png */,
				DEA0C0931F8DA5D000CAFBEF /* 3StarsSmall@2x.png */,
				DEA0C0941F8DA5D000CAFBEF /* 1StarSmall.png */,
				DEA0C0951F8DA5D000CAFBEF /* 3StarsSmall.png */,
				DEA0C0961F8DA5D000CAFBEF /* 1Star.png */,
				DEA0C0971F8DA5D000CAFBEF /* 2Stars.png */,
				DEA0C0981F8DA5D000CAFBEF /* 3Stars.png */,
				DEA0C0991F8DA5D000CAFBEF /* Players@2x.png */,
				DEA0C09A1F8DA5D000CAFBEF /* Players.png */,
				DEA0C09B1F8DA5D000CAFBEF /* 5Stars.png */,
				DEA0C09C1F8DA5D000CAFBEF /* 4Stars.png */,
				DEA0C09D1F8DA5D000CAFBEF /* 2Stars@2x.png */,
				DEA0C09E1F8DA5D000CAFBEF /* 2StarsSmall@2x.png */,
				DEA0C09F1F8DA5D000CAFBEF /* Gestures@2x.png */,
				DEA0C0A01F8DA5D000CAFBEF /* 5StarsSmall@2x.png */,
				DEA0C0A11F8DA5D000CAFBEF /* 5Stars@2x.png */,
				DEA0C0A21F8DA5D000CAFBEF /* 1StarSmall@2x.png */,
				DEA0C0A31F8DA5D000CAFBEF /* 4StarsSmall@2x.png */,
				DEA0C0A41F8DA5D000CAFBEF /* 2StarsSmall.png */,
				DEA0C0A51F8DA5D000CAFBEF /* 5StarsSmall.png */,
				DEA0C0A61F8DA5D000CAFBEF /* 3Stars@2x.png */,
				DEA0C0A71F8DA5D000CAFBEF /* 1Star@2x.png */,
				DEA0C0A81F8DA5D000CAFBEF /* Gestures.png */,
			);
			path = Images;
			sourceTree = "<group>";
		};
		DEA0C0BC1F8EF12B00CAFBEF /* Cells */ = {
			isa = PBXGroup;
			children = (
				DEA0C0BD1F8EF15700CAFBEF /* PlayeTableViewCell.h */,
				DEA0C0BE1F8EF15700CAFBEF /* PlayeTableViewCell.m */,
			);
			path = Cells;
			sourceTree = "<group>";
		};
/* End PBXGroup section */

/* Begin PBXNativeTarget section */
		DE4629691F8C511A00EE8A35 /* Ratings */ = {
			isa = PBXNativeTarget;
			buildConfigurationList = DE4629801F8C511A00EE8A35 /* Build configuration list for PBXNativeTarget "Ratings" */;
			buildPhases = (
				DE4629661F8C511A00EE8A35 /* Sources */,
				DE4629671F8C511A00EE8A35 /* Frameworks */,
				DE4629681F8C511A00EE8A35 /* Resources */,
			);
			buildRules = (
			);
			dependencies = (
			);
			name = Ratings;
			productName = Ratings;
			productReference = DE46296A1F8C511A00EE8A35 /* Ratings.app */;
			productType = "com.apple.product-type.application";
		};
/* End PBXNativeTarget section */

/* Begin PBXProject section */
		DE4629621F8C511A00EE8A35 /* Project object */ = {
			isa = PBXProject;
			attributes = {
				KnownAssetTags = (
					NewViewController,
				);
				LastUpgradeCheck = 0900;
				ORGANIZATIONNAME = DevF;
				TargetAttributes = {
					DE4629691F8C511A00EE8A35 = {
						CreatedOnToolsVersion = 9.0;
						ProvisioningStyle = Automatic;
					};
				};
			};
			buildConfigurationList = DE4629651F8C511A00EE8A35 /* Build configuration list for PBXProject "Ratings" */;
			compatibilityVersion = "Xcode 8.0";
			developmentRegion = en;
			hasScannedForEncodings = 0;
			knownRegions = (
				en,
				Base,
			);
			mainGroup = DE4629611F8C511A00EE8A35;
			productRefGroup = DE46296B1F8C511A00EE8A35 /* Products */;
			projectDirPath = "";
			projectRoot = "";
			targets = (
				DE4629691F8C511A00EE8A35 /* Ratings */,
			);
		};
/* End PBXProject section */

/* Begin PBXResourcesBuildPhase section */
		DE4629681F8C511A00EE8A35 /* Resources */ = {
			isa = PBXResourcesBuildPhase;
			buildActionMask = 2147483647;
			files = (
				DE46297A1F8C511A00EE8A35 /* LaunchScreen.storyboard in Resources */,
				DE4629771F8C511A00EE8A35 /* Assets.xcassets in Resources */,
				DE4629751F8C511A00EE8A35 /* Main.storyboard in Resources */,
			);
			runOnlyForDeploymentPostprocessing = 0;
		};
/* End PBXResourcesBuildPhase section */

/* Begin PBXSourcesBuildPhase section */
		DE4629661F8C511A00EE8A35 /* Sources */ = {
			isa = PBXSourcesBuildPhase;
			buildActionMask = 2147483647;
			files = (
				DE4629721F8C511A00EE8A35 /* ViewController.m in Sources */,
				DE4629851F8C60D600EE8A35 /* PlayersViewController.m in Sources */,
				DE46297D1F8C511A00EE8A35 /* main.m in Sources */,
				DE46296F1F8C511A00EE8A35 /* AppDelegate.m in Sources */,
				DEFD7D261F943EE1001E5688 /* GamePickerViewController.m in Sources */,
				DE46298B1F8C6AEF00EE8A35 /* Player.m in Sources */,
				DEA0C0BF1F8EF15700CAFBEF /* PlayeTableViewCell.m in Sources */,
				DEA0C0C21F8F005200CAFBEF /* PlayerDetailsViewController.m in Sources */,
			);
			runOnlyForDeploymentPostprocessing = 0;
		};
/* End PBXSourcesBuildPhase section */

/* Begin PBXVariantGroup section */
		DE4629731F8C511A00EE8A35 /* Main.storyboard */ = {
			isa = PBXVariantGroup;
			children = (
				DE4629741F8C511A00EE8A35 /* Base */,
			);
			name = Main.storyboard;
			sourceTree = "<group>";
		};
		DE4629781F8C511A00EE8A35 /* LaunchScreen.storyboard */ = {
			isa = PBXVariantGroup;
			children = (
				DE4629791F8C511A00EE8A35 /* Base */,
			);
			name = LaunchScreen.storyboard;
			sourceTree = "<group>";
		};
/* End PBXVariantGroup section */

/* Begin XCBuildConfiguration section */
		DE46297E1F8C511A00EE8A35 /* Debug */ = {
			isa = XCBuildConfiguration;
			buildSettings = {
				ALWAYS_SEARCH_USER_PATHS = NO;
				CLANG_ANALYZER_NONNULL = YES;
				CLANG_ANALYZER_NUMBER_OBJECT_CONVERSION = YES_AGGRESSIVE;
				CLANG_CXX_LANGUAGE_STANDARD = "gnu++14";
				CLANG_CXX_LIBRARY = "libc++";
				CLANG_ENABLE_MODULES = YES;
				CLANG_ENABLE_OBJC_ARC = YES;
				CLANG_WARN_BLOCK_CAPTURE_AUTORELEASING = YES;
				CLANG_WARN_BOOL_CONVERSION = YES;
				CLANG_WARN_COMMA = YES;
				CLANG_WARN_CONSTANT_CONVERSION = YES;
				CLANG_WARN_DIRECT_OBJC_ISA_USAGE = YES_ERROR;
				CLANG_WARN_DOCUMENTATION_COMMENTS = YES;
				CLANG_WARN_EMPTY_BODY = YES;
				CLANG_WARN_ENUM_CONVERSION = YES;
				CLANG_WARN_INFINITE_RECURSION = YES;
				CLANG_WARN_INT_CONVERSION = YES;
				CLANG_WARN_NON_LITERAL_NULL_CONVERSION = YES;
				CLANG_WARN_OBJC_LITERAL_CONVERSION = YES;
				CLANG_WARN_OBJC_ROOT_CLASS = YES_ERROR;
				CLANG_WARN_RANGE_LOOP_ANALYSIS = YES;
				CLANG_WARN_STRICT_PROTOTYPES = YES;
				CLANG_WARN_SUSPICIOUS_MOVE = YES;
				CLANG_WARN_UNGUARDED_AVAILABILITY = YES_AGGRESSIVE;
				CLANG_WARN_UNREACHABLE_CODE = YES;
				CLANG_WARN__DUPLICATE_METHOD_MATCH = YES;
				CODE_SIGN_IDENTITY = "iPhone Developer";
				COPY_PHASE_STRIP = NO;
				DEBUG_INFORMATION_FORMAT = dwarf;
				ENABLE_STRICT_OBJC_MSGSEND = YES;
				ENABLE_TESTABILITY = YES;
				GCC_C_LANGUAGE_STANDARD = gnu11;
				GCC_DYNAMIC_NO_PIC = NO;
				GCC_NO_COMMON_BLOCKS = YES;
				GCC_OPTIMIZATION_LEVEL = 0;
				GCC_PREPROCESSOR_DEFINITIONS = (
					"DEBUG=1",
					"$(inherited)",
				);
				GCC_WARN_64_TO_32_BIT_CONVERSION = YES;
				GCC_WARN_ABOUT_RETURN_TYPE = YES_ERROR;
				GCC_WARN_UNDECLARED_SELECTOR = YES;
				GCC_WARN_UNINITIALIZED_AUTOS = YES_AGGRESSIVE;
				GCC_WARN_UNUSED_FUNCTION = YES;
				GCC_WARN_UNUSED_VARIABLE = YES;
				IPHONEOS_DEPLOYMENT_TARGET = 11.0;
				MTL_ENABLE_DEBUG_INFO = YES;
				ONLY_ACTIVE_ARCH = YES;
				SDKROOT = iphoneos;
			};
			name = Debug;
		};
		DE46297F1F8C511A00EE8A35 /* Release */ = {
			isa = XCBuildConfiguration;
			buildSettings = {
				ALWAYS_SEARCH_USER_PATHS = NO;
				CLANG_ANALYZER_NONNULL = YES;
				CLANG_ANALYZER_NUMBER_OBJECT_CONVERSION = YES_AGGRESSIVE;
				CLANG_CXX_LANGUAGE_STANDARD = "gnu++14";
				CLANG_CXX_LIBRARY = "libc++";
				CLANG_ENABLE_MODULES = YES;
				CLANG_ENABLE_OBJC_ARC = YES;
				CLANG_WARN_BLOCK_CAPTURE_AUTORELEASING = YES;
				CLANG_WARN_BOOL_CONVERSION = YES;
				CLANG_WARN_COMMA = YES;
				CLANG_WARN_CONSTANT_CONVERSION = YES;
				CLANG_WARN_DIRECT_OBJC_ISA_USAGE = YES_ERROR;
				CLANG_WARN_DOCUMENTATION_COMMENTS = YES;
				CLANG_WARN_EMPTY_BODY = YES;
				CLANG_WARN_ENUM_CONVERSION = YES;
				CLANG_WARN_INFINITE_RECURSION = YES;
				CLANG_WARN_INT_CONVERSION = YES;
				CLANG_WARN_NON_LITERAL_NULL_CONVERSION = YES;
				CLANG_WARN_OBJC_LITERAL_CONVERSION = YES;
				CLANG_WARN_OBJC_ROOT_CLASS = YES_ERROR;
				CLANG_WARN_RANGE_LOOP_ANALYSIS = YES;
				CLANG_WARN_STRICT_PROTOTYPES = YES;
				CLANG_WARN_SUSPICIOUS_MOVE = YES;
				CLANG_WARN_UNGUARDED_AVAILABILITY = YES_AGGRESSIVE;
				CLANG_WARN_UNREACHABLE_CODE = YES;
				CLANG_WARN__DUPLICATE_METHOD_MATCH = YES;
				CODE_SIGN_IDENTITY = "iPhone Developer";
				COPY_PHASE_STRIP = NO;
				DEBUG_INFORMATION_FORMAT = "dwarf-with-dsym";
				ENABLE_NS_ASSERTIONS = NO;
				ENABLE_STRICT_OBJC_MSGSEND = YES;
				GCC_C_LANGUAGE_STANDARD = gnu11;
				GCC_NO_COMMON_BLOCKS = YES;
				GCC_WARN_64_TO_32_BIT_CONVERSION = YES;
				GCC_WARN_ABOUT_RETURN_TYPE = YES_ERROR;
				GCC_WARN_UNDECLARED_SELECTOR = YES;
				GCC_WARN_UNINITIALIZED_AUTOS = YES_AGGRESSIVE;
				GCC_WARN_UNUSED_FUNCTION = YES;
				GCC_WARN_UNUSED_VARIABLE = YES;
				IPHONEOS_DEPLOYMENT_TARGET = 11.0;
				MTL_ENABLE_DEBUG_INFO = NO;
				SDKROOT = iphoneos;
				VALIDATE_PRODUCT = YES;
			};
			name = Release;
		};
		DE4629811F8C511A00EE8A35 /* Debug */ = {
			isa = XCBuildConfiguration;
			buildSettings = {
				ASSETCATALOG_COMPILER_APPICON_NAME = AppIcon;
				CODE_SIGN_STYLE = Automatic;
				DEVELOPMENT_TEAM = 75G2GVK36D;
				INFOPLIST_FILE = Ratings/Info.plist;
				LD_RUNPATH_SEARCH_PATHS = "$(inherited) @executable_path/Frameworks";
				PRODUCT_BUNDLE_IDENTIFIER = devf.Ratings;
				PRODUCT_NAME = "$(TARGET_NAME)";
				TARGETED_DEVICE_FAMILY = "1,2";
			};
			name = Debug;
		};
		DE4629821F8C511A00EE8A35 /* Release */ = {
			isa = XCBuildConfiguration;
			buildSettings = {
				ASSETCATALOG_COMPILER_APPICON_NAME = AppIcon;
				CODE_SIGN_STYLE = Automatic;
				DEVELOPMENT_TEAM = 75G2GVK36D;
				INFOPLIST_FILE = Ratings/Info.plist;
				LD_RUNPATH_SEARCH_PATHS = "$(inherited) @executable_path/Frameworks";
				PRODUCT_BUNDLE_IDENTIFIER = devf.Ratings;
				PRODUCT_NAME = "$(TARGET_NAME)";
				TARGETED_DEVICE_FAMILY = "1,2";
			};
			name = Release;
		};
/* End XCBuildConfiguration section */

/* Begin XCConfigurationList section */
		DE4629651F8C511A00EE8A35 /* Build configuration list for PBXProject "Ratings" */ = {
			isa = XCConfigurationList;
			buildConfigurations = (
				DE46297E1F8C511A00EE8A35 /* Debug */,
				DE46297F1F8C511A00EE8A35 /* Release */,
			);
			defaultConfigurationIsVisible = 0;
			defaultConfigurationName = Release;
		};
		DE4629801F8C511A00EE8A35 /* Build configuration list for PBXNativeTarget "Ratings" */ = {
			isa = XCConfigurationList;
			buildConfigurations = (
				DE4629811F8C511A00EE8A35 /* Debug */,
				DE4629821F8C511A00EE8A35 /* Release */,
			);
			defaultConfigurationIsVisible = 0;
			defaultConfigurationName = Release;
		};
/* End XCConfigurationList section */
	};
	rootObject = DE4629621F8C511A00EE8A35 /* Project object */;
}
